
Microsoft Visual Studio Solution File, Format Version 12.00
# Visual Studio Version 17
VisualStudioVersion = 17.2.32210.308
MinimumVisualStudioVersion = 10.0.40219.1
Project("{2150E333-8FDC-42A3-9474-1A3956D46DE8}") = "Services", "Services", "{681D06D5-0C02-435A-872D-8D849B775615}"
EndProject
Project("{2150E333-8FDC-42A3-9474-1A3956D46DE8}") = "Organizations", "Organizations", "{9CBB563D-104F-4090-97A9-DC47405D30BE}"
EndProject
Project("{2150E333-8FDC-42A3-9474-1A3956D46DE8}") = "API", "API", "{6CC55520-87EA-4AB9-939C-821111974EEC}"
EndProject
Project("{2150E333-8FDC-42A3-9474-1A3956D46DE8}") = "CORE", "CORE", "{4AFF3BD6-D911-4D69-B5DB-7130CDCFD757}"
EndProject
Project("{2150E333-8FDC-42A3-9474-1A3956D46DE8}") = "Infrastructure", "Infrastructure", "{A55253B2-A724-43CA-B1DA-7AD9F6EA7E32}"
EndProject
Project("{2150E333-8FDC-42A3-9474-1A3956D46DE8}") = "Tests", "Tests", "{CAE9DB48-7B5B-4D79-8E2E-486CA4289FE2}"
EndProject
Global
	GlobalSection(SolutionProperties) = preSolution
		HideSolutionNode = FALSE
	EndGlobalSection
	GlobalSection(NestedProjects) = preSolution
		{9CBB563D-104F-4090-97A9-DC47405D30BE} = {681D06D5-0C02-435A-872D-8D849B775615}
		{6CC55520-87EA-4AB9-939C-821111974EEC} = {9CBB563D-104F-4090-97A9-DC47405D30BE}
		{4AFF3BD6-D911-4D69-B5DB-7130CDCFD757} = {9CBB563D-104F-4090-97A9-DC47405D30BE}
		{A55253B2-A724-43CA-B1DA-7AD9F6EA7E32} = {9CBB563D-104F-4090-97A9-DC47405D30BE}
		{CAE9DB48-7B5B-4D79-8E2E-486CA4289FE2} = {9CBB563D-104F-4090-97A9-DC47405D30BE}
	EndGlobalSection
	GlobalSection(ExtensibilityGlobals) = postSolution
		SolutionGuid = {1152D39D-FF8E-420A-9CDE-A164B2036B64}
	EndGlobalSection
EndGlobal
