
Microsoft Visual Studio Solution File, Format Version 12.00
# Visual Studio Version 17
VisualStudioVersion = 17.2.32210.308
MinimumVisualStudioVersion = 10.0.40219.1
Project("{2150E333-8FDC-42A3-9474-1A3956D46DE8}") = "Services", "Services", "{681D06D5-0C02-435A-872D-8D849B775615}"
EndProject
Project("{2150E333-8FDC-42A3-9474-1A3956D46DE8}") = "Organizations", "Organizations", "{9CBB563D-104F-4090-97A9-DC47405D30BE}"
EndProject
Project("{2150E333-8FDC-42A3-9474-1A3956D46DE8}") = "API", "API", "{6CC55520-87EA-4AB9-939C-821111974EEC}"
EndProject
Project("{2150E333-8FDC-42A3-9474-1A3956D46DE8}") = "CORE", "CORE", "{4AFF3BD6-D911-4D69-B5DB-7130CDCFD757}"
EndProject
Project("{2150E333-8FDC-42A3-9474-1A3956D46DE8}") = "Infrastructure", "Infrastructure", "{A55253B2-A724-43CA-B1DA-7AD9F6EA7E32}"
EndProject
Project("{2150E333-8FDC-42A3-9474-1A3956D46DE8}") = "Tests", "Tests", "{CAE9DB48-7B5B-4D79-8E2E-486CA4289FE2}"
EndProject
Project("{9A19103F-16F7-4668-BE54-9A1E7A4F7556}") = "Organizations.Domain", "Services\Organizations\CORE\Organizations.Domain\Organizations.Domain.csproj", "{93C5D052-849B-41C4-8FA7-7E71FEEF0B8F}"
EndProject
Project("{9A19103F-16F7-4668-BE54-9A1E7A4F7556}") = "Organizations.Application", "Services\Organizations\CORE\Organizations.Application\Organizations.Application.csproj", "{3468B621-0291-4F1F-9A7D-C651B19F14D1}"
EndProject
Project("{9A19103F-16F7-4668-BE54-9A1E7A4F7556}") = "Organizations.Infrastructure", "Services\Organizations\Infrastructure\Organizations.Infrastructure\Organizations.Infrastructure.csproj", "{F4CAA34A-830D-4868-A7E4-61B41C11F11D}"
EndProject
Project("{9A19103F-16F7-4668-BE54-9A1E7A4F7556}") = "Organizations.API", "Services\Organizations\API\Organizations.API\Organizations.API.csproj", "{B199D53B-3CFB-4E2B-BD25-BC4516B28304}"
EndProject
Project("{2150E333-8FDC-42A3-9474-1A3956D46DE8}") = "FrontEnd", "FrontEnd", "{7FB1146A-80D5-4AB3-9F9B-D813154CD47F}"
EndProject
Project("{2150E333-8FDC-42A3-9474-1A3956D46DE8}") = "Specializations", "Specializations", "{962B91BD-8E74-45D9-AA49-682BABA5539B}"
EndProject
Project("{2150E333-8FDC-42A3-9474-1A3956D46DE8}") = "API", "API", "{2D6CC9F1-FA54-4D5B-BDB5-9FBA788B98E6}"
EndProject
Project("{2150E333-8FDC-42A3-9474-1A3956D46DE8}") = "CORE", "CORE", "{D30C6AC6-EDCB-4FE6-9885-B310AEA40922}"
EndProject
Project("{2150E333-8FDC-42A3-9474-1A3956D46DE8}") = "Infrastructure", "Infrastructure", "{D8154A7B-875C-4139-8FA3-C72652A22F04}"
EndProject
Project("{2150E333-8FDC-42A3-9474-1A3956D46DE8}") = "Tests", "Tests", "{6A70C3D2-0257-4220-AA50-9FA043018A94}"
EndProject
Project("{9A19103F-16F7-4668-BE54-9A1E7A4F7556}") = "Specializations.Domain", "Services\Specializations\CORE\Specializations.Domain\Specializations.Domain.csproj", "{86B6F2C9-48F6-4085-BF3A-CE9D58DC4796}"
EndProject
Project("{9A19103F-16F7-4668-BE54-9A1E7A4F7556}") = "Specializations.Application", "Services\Specializations\CORE\Specializations.Application\Specializations.Application.csproj", "{A7D07DD5-078B-4BC7-8C46-FA6F1DEAE611}"
EndProject
Project("{9A19103F-16F7-4668-BE54-9A1E7A4F7556}") = "Specializations.API", "Services\Specializations\API\Specializations.API\Specializations.API.csproj", "{105BA859-3FAA-4136-9A49-971B29640D4B}"
EndProject
Project("{9A19103F-16F7-4668-BE54-9A1E7A4F7556}") = "Specializations.Infrastructure", "Services\Specializations\Infrastructure\Specializations.Infrastructure\Specializations.Infrastructure.csproj", "{70E89B0E-E52B-411D-A76B-8E4459CD1688}"
EndProject
Project("{2150E333-8FDC-42A3-9474-1A3956D46DE8}") = "Referrals", "Referrals", "{4652E27E-5D85-4D39-A0DA-0B2FBC83A179}"
EndProject
Project("{2150E333-8FDC-42A3-9474-1A3956D46DE8}") = "API", "API", "{0F07B1C5-0A61-4F3A-BD3E-D64CC01DB25F}"
EndProject
Project("{2150E333-8FDC-42A3-9474-1A3956D46DE8}") = "CORE", "CORE", "{1B1E001B-E277-4246-99C9-1B32D9157ECD}"
EndProject
Project("{2150E333-8FDC-42A3-9474-1A3956D46DE8}") = "Infrastructure", "Infrastructure", "{6D29C5A1-97CD-4C48-8866-83257271CB61}"
EndProject
Project("{2150E333-8FDC-42A3-9474-1A3956D46DE8}") = "Tests", "Tests", "{9A11581A-D882-4F5D-BEBE-C08B863F99C7}"
EndProject
Project("{9A19103F-16F7-4668-BE54-9A1E7A4F7556}") = "Referrals.Domain", "Services\Referrals\CORE\Referrals.Domain\Referrals.Domain.csproj", "{8B718947-7FC2-4D36-88FE-BA192957422D}"
EndProject
Project("{9A19103F-16F7-4668-BE54-9A1E7A4F7556}") = "Referrals.Application", "Services\Referrals\CORE\Referrals.Application\Referrals.Application.csproj", "{3AC70508-13B0-4643-97E0-EDEADD9CD87D}"
EndProject
Project("{9A19103F-16F7-4668-BE54-9A1E7A4F7556}") = "Referrals.Infrastructure", "Services\Referrals\Infrastructure\Referrals.Infrastructure\Referrals.Infrastructure.csproj", "{4C63665A-A3D1-4632-BDFE-24044048A219}"
EndProject
Project("{9A19103F-16F7-4668-BE54-9A1E7A4F7556}") = "Referrals.API", "Services\Referrals\API\Referrals.API\Referrals.API.csproj", "{077AC554-FE7B-43C1-B8CE-59E3A82A8534}"
EndProject
Project("{2150E333-8FDC-42A3-9474-1A3956D46DE8}") = "Anamnesies", "Anamnesies", "{CED7D2D3-F36E-4A15-88DE-241160EC8CF1}"
EndProject
Project("{2150E333-8FDC-42A3-9474-1A3956D46DE8}") = "API", "API", "{4605247D-C575-495A-A5CB-1C81D3115CF3}"
EndProject
Project("{2150E333-8FDC-42A3-9474-1A3956D46DE8}") = "CORE", "CORE", "{7B2C0058-F0C0-4826-9C31-0B066BE0813E}"
EndProject
Project("{2150E333-8FDC-42A3-9474-1A3956D46DE8}") = "Infrastructure", "Infrastructure", "{CF572EB2-A373-451D-A447-72E476C1F939}"
EndProject
Project("{2150E333-8FDC-42A3-9474-1A3956D46DE8}") = "Tests", "Tests", "{7288AFB6-4D5E-476C-9781-BEE280B7E565}"
EndProject
Project("{9A19103F-16F7-4668-BE54-9A1E7A4F7556}") = "Anamnesies.Domain", "Services\Anamnesies\CORE\Anamnesies.Domain\Anamnesies.Domain.csproj", "{0C946C5F-B369-486E-B793-2F9729BC8AA3}"
EndProject
Project("{9A19103F-16F7-4668-BE54-9A1E7A4F7556}") = "Anamnesies.Application", "Services\Anamnesies\CORE\Anamnesies.Application\Anamnesies.Application.csproj", "{AC86E606-8811-4196-977A-0AE35F0505E3}"
EndProject
Project("{9A19103F-16F7-4668-BE54-9A1E7A4F7556}") = "Anamnesies.Infrastructure", "Services\Anamnesies\Infrastructure\Anamnesies.Infrastructure\Anamnesies.Infrastructure.csproj", "{4F911231-C547-4DA4-8787-8C229C98A0B5}"
EndProject
Project("{9A19103F-16F7-4668-BE54-9A1E7A4F7556}") = "Anamnesies.API", "Services\Anamnesies\API\Anamnesies.API\Anamnesies.API.csproj", "{8F950EAF-ADAA-4917-8D09-A34A8DFB3DF9}"
EndProject
Project("{2150E333-8FDC-42A3-9474-1A3956D46DE8}") = "Observations", "Observations", "{DBF3F769-1C0B-4555-9D92-26A2DB171DAF}"
EndProject
Project("{2150E333-8FDC-42A3-9474-1A3956D46DE8}") = "API", "API", "{B70986BE-CE61-4D0A-B38D-B44BCEA4DB11}"
EndProject
Project("{2150E333-8FDC-42A3-9474-1A3956D46DE8}") = "CORE", "CORE", "{676EBEDA-A5F0-404D-8A67-868998C09E83}"
EndProject
Project("{2150E333-8FDC-42A3-9474-1A3956D46DE8}") = "Infrastructure", "Infrastructure", "{F77B30B3-54C5-46AA-BCA0-70B521FEC5D3}"
EndProject
Project("{2150E333-8FDC-42A3-9474-1A3956D46DE8}") = "Tests", "Tests", "{3C41E40A-E3F5-471A-881F-98D90F61F1A7}"
EndProject
Project("{9A19103F-16F7-4668-BE54-9A1E7A4F7556}") = "Observations.Domain", "Services\Observations\CORE\Observations.Domain\Observations.Domain.csproj", "{07FD5C08-0130-42C5-9923-A390791F966B}"
EndProject
Project("{9A19103F-16F7-4668-BE54-9A1E7A4F7556}") = "Observations.Application", "Services\Observations\CORE\Observations.Application\Observations.Application.csproj", "{2F1D61D0-6FC0-489C-8048-2FE21A7F09CD}"
EndProject
Project("{9A19103F-16F7-4668-BE54-9A1E7A4F7556}") = "Observations.Infrastructure", "Services\Observations\Infrastructure\Observations.Infrastructure\Observations.Infrastructure.csproj", "{44344CA3-5470-44C4-9C43-C4226D868A47}"
EndProject
Project("{9A19103F-16F7-4668-BE54-9A1E7A4F7556}") = "Observations.API", "Services\Observations\API\Observations.API\Observations.API.csproj", "{9C710B34-A12A-4FE5-B08E-49B8092FB6CE}"
EndProject
Project("{2150E333-8FDC-42A3-9474-1A3956D46DE8}") = "ImagingStudies", "ImagingStudies", "{5F823BE7-0057-48F1-BFB2-BAA15A78EEA8}"
EndProject
Project("{2150E333-8FDC-42A3-9474-1A3956D46DE8}") = "API", "API", "{9048BA6B-1EF4-4F54-9395-021F75EA4899}"
EndProject
Project("{2150E333-8FDC-42A3-9474-1A3956D46DE8}") = "CORE", "CORE", "{8ADDDE82-E2A0-4D2B-84B5-A5C1D173335A}"
EndProject
Project("{2150E333-8FDC-42A3-9474-1A3956D46DE8}") = "Infrastructure", "Infrastructure", "{F258E626-A9EE-4170-960F-E3A4F855C498}"
EndProject
Project("{2150E333-8FDC-42A3-9474-1A3956D46DE8}") = "Tests", "Tests", "{E63C48DE-E244-41AD-ACD2-6E5DA6F7C209}"
EndProject
Project("{9A19103F-16F7-4668-BE54-9A1E7A4F7556}") = "ImagingStudies.Domain", "Services\ImagingStudies\CORE\ImagingStudies.Domain\ImagingStudies.Domain.csproj", "{F4A06DBF-BDC9-4F09-B444-B981D115F284}"
EndProject
Project("{9A19103F-16F7-4668-BE54-9A1E7A4F7556}") = "ImagingStudies.Application", "Services\ImagingStudies\CORE\ImagingStudies.Application\ImagingStudies.Application.csproj", "{6093576B-BDF9-4DBA-B929-BE1BCCF12AC7}"
EndProject
Project("{9A19103F-16F7-4668-BE54-9A1E7A4F7556}") = "ImagingStudies.Infrastructure", "Services\ImagingStudies\Infrastructure\ImagingStudies.Infrastructure\ImagingStudies.Infrastructure.csproj", "{A5A462F6-1654-4C42-8B89-E727319B4286}"
EndProject
Project("{9A19103F-16F7-4668-BE54-9A1E7A4F7556}") = "ImagingStudies.API", "Services\ImagingStudies\API\ImagingStudies.API\ImagingStudies.API.csproj", "{80434C99-9F2C-4BC2-ABF2-A286BE8701B4}"
EndProject
Project("{2150E333-8FDC-42A3-9474-1A3956D46DE8}") = "ReferralRequests", "ReferralRequests", "{3CA45874-7E13-4FAC-8487-2A35B2284F9C}"
EndProject
Project("{2150E333-8FDC-42A3-9474-1A3956D46DE8}") = "API", "API", "{80824461-2307-43C6-9899-536D2CA09581}"
EndProject
Project("{2150E333-8FDC-42A3-9474-1A3956D46DE8}") = "CORE", "CORE", "{8725ED90-C94B-4817-9373-4E716829B1DC}"
EndProject
Project("{2150E333-8FDC-42A3-9474-1A3956D46DE8}") = "Infrastructure", "Infrastructure", "{6F2EC386-9B5E-4D9C-84A1-DBB91F339D70}"
EndProject
Project("{2150E333-8FDC-42A3-9474-1A3956D46DE8}") = "Tests", "Tests", "{10C92886-F020-4F02-B2CC-1FE0BBA2621D}"
EndProject
Project("{9A19103F-16F7-4668-BE54-9A1E7A4F7556}") = "ReferralRequests.Domain", "Services\ReferralRequests\CORE\ReferralRequests.Domain\ReferralRequests.Domain.csproj", "{956E6784-97A8-43E8-BA57-A7754412FD85}"
EndProject
Project("{9A19103F-16F7-4668-BE54-9A1E7A4F7556}") = "ReferralRequests.Application", "Services\ReferralRequests\CORE\ReferralRequests.Application\ReferralRequests.Application.csproj", "{11095B50-6DFF-47BC-A022-E504BE97BF74}"
EndProject
Project("{2150E333-8FDC-42A3-9474-1A3956D46DE8}") = "IdentityServer", "IdentityServer", "{F082168F-DC48-46A9-91CA-906CAD8736D2}"
EndProject
Project("{FAE04EC0-301F-11D3-BF4B-00C04F79EFBC}") = "TelMed.IdentityServer", "IdentityServer\TelMed.IdentityServer\TelMed.IdentityServer.csproj", "{2E9CCD2A-6B5F-42FC-8244-E527342097B3}"
EndProject
Global
	GlobalSection(SolutionConfigurationPlatforms) = preSolution
		Debug|Any CPU = Debug|Any CPU
		Release|Any CPU = Release|Any CPU
	EndGlobalSection
	GlobalSection(ProjectConfigurationPlatforms) = postSolution
		{93C5D052-849B-41C4-8FA7-7E71FEEF0B8F}.Debug|Any CPU.ActiveCfg = Debug|Any CPU
		{93C5D052-849B-41C4-8FA7-7E71FEEF0B8F}.Debug|Any CPU.Build.0 = Debug|Any CPU
		{93C5D052-849B-41C4-8FA7-7E71FEEF0B8F}.Release|Any CPU.ActiveCfg = Release|Any CPU
		{93C5D052-849B-41C4-8FA7-7E71FEEF0B8F}.Release|Any CPU.Build.0 = Release|Any CPU
		{3468B621-0291-4F1F-9A7D-C651B19F14D1}.Debug|Any CPU.ActiveCfg = Debug|Any CPU
		{3468B621-0291-4F1F-9A7D-C651B19F14D1}.Debug|Any CPU.Build.0 = Debug|Any CPU
		{3468B621-0291-4F1F-9A7D-C651B19F14D1}.Release|Any CPU.ActiveCfg = Release|Any CPU
		{3468B621-0291-4F1F-9A7D-C651B19F14D1}.Release|Any CPU.Build.0 = Release|Any CPU
		{F4CAA34A-830D-4868-A7E4-61B41C11F11D}.Debug|Any CPU.ActiveCfg = Debug|Any CPU
		{F4CAA34A-830D-4868-A7E4-61B41C11F11D}.Debug|Any CPU.Build.0 = Debug|Any CPU
		{F4CAA34A-830D-4868-A7E4-61B41C11F11D}.Release|Any CPU.ActiveCfg = Release|Any CPU
		{F4CAA34A-830D-4868-A7E4-61B41C11F11D}.Release|Any CPU.Build.0 = Release|Any CPU
		{B199D53B-3CFB-4E2B-BD25-BC4516B28304}.Debug|Any CPU.ActiveCfg = Debug|Any CPU
		{B199D53B-3CFB-4E2B-BD25-BC4516B28304}.Debug|Any CPU.Build.0 = Debug|Any CPU
		{B199D53B-3CFB-4E2B-BD25-BC4516B28304}.Release|Any CPU.ActiveCfg = Release|Any CPU
		{B199D53B-3CFB-4E2B-BD25-BC4516B28304}.Release|Any CPU.Build.0 = Release|Any CPU
		{86B6F2C9-48F6-4085-BF3A-CE9D58DC4796}.Debug|Any CPU.ActiveCfg = Debug|Any CPU
		{86B6F2C9-48F6-4085-BF3A-CE9D58DC4796}.Debug|Any CPU.Build.0 = Debug|Any CPU
		{86B6F2C9-48F6-4085-BF3A-CE9D58DC4796}.Release|Any CPU.ActiveCfg = Release|Any CPU
		{86B6F2C9-48F6-4085-BF3A-CE9D58DC4796}.Release|Any CPU.Build.0 = Release|Any CPU
		{A7D07DD5-078B-4BC7-8C46-FA6F1DEAE611}.Debug|Any CPU.ActiveCfg = Debug|Any CPU
		{A7D07DD5-078B-4BC7-8C46-FA6F1DEAE611}.Debug|Any CPU.Build.0 = Debug|Any CPU
		{A7D07DD5-078B-4BC7-8C46-FA6F1DEAE611}.Release|Any CPU.ActiveCfg = Release|Any CPU
		{A7D07DD5-078B-4BC7-8C46-FA6F1DEAE611}.Release|Any CPU.Build.0 = Release|Any CPU
		{105BA859-3FAA-4136-9A49-971B29640D4B}.Debug|Any CPU.ActiveCfg = Debug|Any CPU
		{105BA859-3FAA-4136-9A49-971B29640D4B}.Debug|Any CPU.Build.0 = Debug|Any CPU
		{105BA859-3FAA-4136-9A49-971B29640D4B}.Release|Any CPU.ActiveCfg = Release|Any CPU
		{105BA859-3FAA-4136-9A49-971B29640D4B}.Release|Any CPU.Build.0 = Release|Any CPU
		{70E89B0E-E52B-411D-A76B-8E4459CD1688}.Debug|Any CPU.ActiveCfg = Debug|Any CPU
		{70E89B0E-E52B-411D-A76B-8E4459CD1688}.Debug|Any CPU.Build.0 = Debug|Any CPU
		{70E89B0E-E52B-411D-A76B-8E4459CD1688}.Release|Any CPU.ActiveCfg = Release|Any CPU
		{70E89B0E-E52B-411D-A76B-8E4459CD1688}.Release|Any CPU.Build.0 = Release|Any CPU
		{8B718947-7FC2-4D36-88FE-BA192957422D}.Debug|Any CPU.ActiveCfg = Debug|Any CPU
		{8B718947-7FC2-4D36-88FE-BA192957422D}.Debug|Any CPU.Build.0 = Debug|Any CPU
		{8B718947-7FC2-4D36-88FE-BA192957422D}.Release|Any CPU.ActiveCfg = Release|Any CPU
		{8B718947-7FC2-4D36-88FE-BA192957422D}.Release|Any CPU.Build.0 = Release|Any CPU
		{3AC70508-13B0-4643-97E0-EDEADD9CD87D}.Debug|Any CPU.ActiveCfg = Debug|Any CPU
		{3AC70508-13B0-4643-97E0-EDEADD9CD87D}.Debug|Any CPU.Build.0 = Debug|Any CPU
		{3AC70508-13B0-4643-97E0-EDEADD9CD87D}.Release|Any CPU.ActiveCfg = Release|Any CPU
		{3AC70508-13B0-4643-97E0-EDEADD9CD87D}.Release|Any CPU.Build.0 = Release|Any CPU
		{4C63665A-A3D1-4632-BDFE-24044048A219}.Debug|Any CPU.ActiveCfg = Debug|Any CPU
		{4C63665A-A3D1-4632-BDFE-24044048A219}.Debug|Any CPU.Build.0 = Debug|Any CPU
		{4C63665A-A3D1-4632-BDFE-24044048A219}.Release|Any CPU.ActiveCfg = Release|Any CPU
		{4C63665A-A3D1-4632-BDFE-24044048A219}.Release|Any CPU.Build.0 = Release|Any CPU
		{077AC554-FE7B-43C1-B8CE-59E3A82A8534}.Debug|Any CPU.ActiveCfg = Debug|Any CPU
		{077AC554-FE7B-43C1-B8CE-59E3A82A8534}.Debug|Any CPU.Build.0 = Debug|Any CPU
		{077AC554-FE7B-43C1-B8CE-59E3A82A8534}.Release|Any CPU.ActiveCfg = Release|Any CPU
		{077AC554-FE7B-43C1-B8CE-59E3A82A8534}.Release|Any CPU.Build.0 = Release|Any CPU
		{0C946C5F-B369-486E-B793-2F9729BC8AA3}.Debug|Any CPU.ActiveCfg = Debug|Any CPU
		{0C946C5F-B369-486E-B793-2F9729BC8AA3}.Debug|Any CPU.Build.0 = Debug|Any CPU
		{0C946C5F-B369-486E-B793-2F9729BC8AA3}.Release|Any CPU.ActiveCfg = Release|Any CPU
		{0C946C5F-B369-486E-B793-2F9729BC8AA3}.Release|Any CPU.Build.0 = Release|Any CPU
		{AC86E606-8811-4196-977A-0AE35F0505E3}.Debug|Any CPU.ActiveCfg = Debug|Any CPU
		{AC86E606-8811-4196-977A-0AE35F0505E3}.Debug|Any CPU.Build.0 = Debug|Any CPU
		{AC86E606-8811-4196-977A-0AE35F0505E3}.Release|Any CPU.ActiveCfg = Release|Any CPU
		{AC86E606-8811-4196-977A-0AE35F0505E3}.Release|Any CPU.Build.0 = Release|Any CPU
		{4F911231-C547-4DA4-8787-8C229C98A0B5}.Debug|Any CPU.ActiveCfg = Debug|Any CPU
		{4F911231-C547-4DA4-8787-8C229C98A0B5}.Debug|Any CPU.Build.0 = Debug|Any CPU
		{4F911231-C547-4DA4-8787-8C229C98A0B5}.Release|Any CPU.ActiveCfg = Release|Any CPU
		{4F911231-C547-4DA4-8787-8C229C98A0B5}.Release|Any CPU.Build.0 = Release|Any CPU
		{8F950EAF-ADAA-4917-8D09-A34A8DFB3DF9}.Debug|Any CPU.ActiveCfg = Debug|Any CPU
		{8F950EAF-ADAA-4917-8D09-A34A8DFB3DF9}.Debug|Any CPU.Build.0 = Debug|Any CPU
		{8F950EAF-ADAA-4917-8D09-A34A8DFB3DF9}.Release|Any CPU.ActiveCfg = Release|Any CPU
		{8F950EAF-ADAA-4917-8D09-A34A8DFB3DF9}.Release|Any CPU.Build.0 = Release|Any CPU
		{07FD5C08-0130-42C5-9923-A390791F966B}.Debug|Any CPU.ActiveCfg = Debug|Any CPU
		{07FD5C08-0130-42C5-9923-A390791F966B}.Debug|Any CPU.Build.0 = Debug|Any CPU
		{07FD5C08-0130-42C5-9923-A390791F966B}.Release|Any CPU.ActiveCfg = Release|Any CPU
		{07FD5C08-0130-42C5-9923-A390791F966B}.Release|Any CPU.Build.0 = Release|Any CPU
		{2F1D61D0-6FC0-489C-8048-2FE21A7F09CD}.Debug|Any CPU.ActiveCfg = Debug|Any CPU
		{2F1D61D0-6FC0-489C-8048-2FE21A7F09CD}.Debug|Any CPU.Build.0 = Debug|Any CPU
		{2F1D61D0-6FC0-489C-8048-2FE21A7F09CD}.Release|Any CPU.ActiveCfg = Release|Any CPU
		{2F1D61D0-6FC0-489C-8048-2FE21A7F09CD}.Release|Any CPU.Build.0 = Release|Any CPU
		{44344CA3-5470-44C4-9C43-C4226D868A47}.Debug|Any CPU.ActiveCfg = Debug|Any CPU
		{44344CA3-5470-44C4-9C43-C4226D868A47}.Debug|Any CPU.Build.0 = Debug|Any CPU
		{44344CA3-5470-44C4-9C43-C4226D868A47}.Release|Any CPU.ActiveCfg = Release|Any CPU
		{44344CA3-5470-44C4-9C43-C4226D868A47}.Release|Any CPU.Build.0 = Release|Any CPU
		{9C710B34-A12A-4FE5-B08E-49B8092FB6CE}.Debug|Any CPU.ActiveCfg = Debug|Any CPU
		{9C710B34-A12A-4FE5-B08E-49B8092FB6CE}.Debug|Any CPU.Build.0 = Debug|Any CPU
		{9C710B34-A12A-4FE5-B08E-49B8092FB6CE}.Release|Any CPU.ActiveCfg = Release|Any CPU
		{9C710B34-A12A-4FE5-B08E-49B8092FB6CE}.Release|Any CPU.Build.0 = Release|Any CPU
		{F4A06DBF-BDC9-4F09-B444-B981D115F284}.Debug|Any CPU.ActiveCfg = Debug|Any CPU
		{F4A06DBF-BDC9-4F09-B444-B981D115F284}.Debug|Any CPU.Build.0 = Debug|Any CPU
		{F4A06DBF-BDC9-4F09-B444-B981D115F284}.Release|Any CPU.ActiveCfg = Release|Any CPU
		{F4A06DBF-BDC9-4F09-B444-B981D115F284}.Release|Any CPU.Build.0 = Release|Any CPU
		{6093576B-BDF9-4DBA-B929-BE1BCCF12AC7}.Debug|Any CPU.ActiveCfg = Debug|Any CPU
		{6093576B-BDF9-4DBA-B929-BE1BCCF12AC7}.Debug|Any CPU.Build.0 = Debug|Any CPU
		{6093576B-BDF9-4DBA-B929-BE1BCCF12AC7}.Release|Any CPU.ActiveCfg = Release|Any CPU
		{6093576B-BDF9-4DBA-B929-BE1BCCF12AC7}.Release|Any CPU.Build.0 = Release|Any CPU
		{A5A462F6-1654-4C42-8B89-E727319B4286}.Debug|Any CPU.ActiveCfg = Debug|Any CPU
		{A5A462F6-1654-4C42-8B89-E727319B4286}.Debug|Any CPU.Build.0 = Debug|Any CPU
		{A5A462F6-1654-4C42-8B89-E727319B4286}.Release|Any CPU.ActiveCfg = Release|Any CPU
		{A5A462F6-1654-4C42-8B89-E727319B4286}.Release|Any CPU.Build.0 = Release|Any CPU
		{80434C99-9F2C-4BC2-ABF2-A286BE8701B4}.Debug|Any CPU.ActiveCfg = Debug|Any CPU
		{80434C99-9F2C-4BC2-ABF2-A286BE8701B4}.Debug|Any CPU.Build.0 = Debug|Any CPU
		{80434C99-9F2C-4BC2-ABF2-A286BE8701B4}.Release|Any CPU.ActiveCfg = Release|Any CPU
		{80434C99-9F2C-4BC2-ABF2-A286BE8701B4}.Release|Any CPU.Build.0 = Release|Any CPU
		{956E6784-97A8-43E8-BA57-A7754412FD85}.Debug|Any CPU.ActiveCfg = Debug|Any CPU
		{956E6784-97A8-43E8-BA57-A7754412FD85}.Debug|Any CPU.Build.0 = Debug|Any CPU
		{956E6784-97A8-43E8-BA57-A7754412FD85}.Release|Any CPU.ActiveCfg = Release|Any CPU
		{956E6784-97A8-43E8-BA57-A7754412FD85}.Release|Any CPU.Build.0 = Release|Any CPU
		{11095B50-6DFF-47BC-A022-E504BE97BF74}.Debug|Any CPU.ActiveCfg = Debug|Any CPU
		{11095B50-6DFF-47BC-A022-E504BE97BF74}.Debug|Any CPU.Build.0 = Debug|Any CPU
		{11095B50-6DFF-47BC-A022-E504BE97BF74}.Release|Any CPU.ActiveCfg = Release|Any CPU
		{11095B50-6DFF-47BC-A022-E504BE97BF74}.Release|Any CPU.Build.0 = Release|Any CPU
		{2E9CCD2A-6B5F-42FC-8244-E527342097B3}.Debug|Any CPU.ActiveCfg = Debug|Any CPU
		{2E9CCD2A-6B5F-42FC-8244-E527342097B3}.Debug|Any CPU.Build.0 = Debug|Any CPU
		{2E9CCD2A-6B5F-42FC-8244-E527342097B3}.Release|Any CPU.ActiveCfg = Release|Any CPU
		{2E9CCD2A-6B5F-42FC-8244-E527342097B3}.Release|Any CPU.Build.0 = Release|Any CPU
	EndGlobalSection
	GlobalSection(SolutionProperties) = preSolution
		HideSolutionNode = FALSE
	EndGlobalSection
	GlobalSection(NestedProjects) = preSolution
		{9CBB563D-104F-4090-97A9-DC47405D30BE} = {681D06D5-0C02-435A-872D-8D849B775615}
		{6CC55520-87EA-4AB9-939C-821111974EEC} = {9CBB563D-104F-4090-97A9-DC47405D30BE}
		{4AFF3BD6-D911-4D69-B5DB-7130CDCFD757} = {9CBB563D-104F-4090-97A9-DC47405D30BE}
		{A55253B2-A724-43CA-B1DA-7AD9F6EA7E32} = {9CBB563D-104F-4090-97A9-DC47405D30BE}
		{CAE9DB48-7B5B-4D79-8E2E-486CA4289FE2} = {9CBB563D-104F-4090-97A9-DC47405D30BE}
		{93C5D052-849B-41C4-8FA7-7E71FEEF0B8F} = {4AFF3BD6-D911-4D69-B5DB-7130CDCFD757}
		{3468B621-0291-4F1F-9A7D-C651B19F14D1} = {4AFF3BD6-D911-4D69-B5DB-7130CDCFD757}
		{F4CAA34A-830D-4868-A7E4-61B41C11F11D} = {A55253B2-A724-43CA-B1DA-7AD9F6EA7E32}
		{B199D53B-3CFB-4E2B-BD25-BC4516B28304} = {6CC55520-87EA-4AB9-939C-821111974EEC}
		{962B91BD-8E74-45D9-AA49-682BABA5539B} = {681D06D5-0C02-435A-872D-8D849B775615}
		{2D6CC9F1-FA54-4D5B-BDB5-9FBA788B98E6} = {962B91BD-8E74-45D9-AA49-682BABA5539B}
		{D30C6AC6-EDCB-4FE6-9885-B310AEA40922} = {962B91BD-8E74-45D9-AA49-682BABA5539B}
		{D8154A7B-875C-4139-8FA3-C72652A22F04} = {962B91BD-8E74-45D9-AA49-682BABA5539B}
		{6A70C3D2-0257-4220-AA50-9FA043018A94} = {962B91BD-8E74-45D9-AA49-682BABA5539B}
		{86B6F2C9-48F6-4085-BF3A-CE9D58DC4796} = {D30C6AC6-EDCB-4FE6-9885-B310AEA40922}
		{A7D07DD5-078B-4BC7-8C46-FA6F1DEAE611} = {D30C6AC6-EDCB-4FE6-9885-B310AEA40922}
		{105BA859-3FAA-4136-9A49-971B29640D4B} = {2D6CC9F1-FA54-4D5B-BDB5-9FBA788B98E6}
		{70E89B0E-E52B-411D-A76B-8E4459CD1688} = {D8154A7B-875C-4139-8FA3-C72652A22F04}
		{4652E27E-5D85-4D39-A0DA-0B2FBC83A179} = {681D06D5-0C02-435A-872D-8D849B775615}
		{0F07B1C5-0A61-4F3A-BD3E-D64CC01DB25F} = {4652E27E-5D85-4D39-A0DA-0B2FBC83A179}
		{1B1E001B-E277-4246-99C9-1B32D9157ECD} = {4652E27E-5D85-4D39-A0DA-0B2FBC83A179}
		{6D29C5A1-97CD-4C48-8866-83257271CB61} = {4652E27E-5D85-4D39-A0DA-0B2FBC83A179}
		{9A11581A-D882-4F5D-BEBE-C08B863F99C7} = {4652E27E-5D85-4D39-A0DA-0B2FBC83A179}
		{8B718947-7FC2-4D36-88FE-BA192957422D} = {1B1E001B-E277-4246-99C9-1B32D9157ECD}
		{3AC70508-13B0-4643-97E0-EDEADD9CD87D} = {1B1E001B-E277-4246-99C9-1B32D9157ECD}
		{4C63665A-A3D1-4632-BDFE-24044048A219} = {6D29C5A1-97CD-4C48-8866-83257271CB61}
		{077AC554-FE7B-43C1-B8CE-59E3A82A8534} = {0F07B1C5-0A61-4F3A-BD3E-D64CC01DB25F}
		{CED7D2D3-F36E-4A15-88DE-241160EC8CF1} = {681D06D5-0C02-435A-872D-8D849B775615}
		{4605247D-C575-495A-A5CB-1C81D3115CF3} = {CED7D2D3-F36E-4A15-88DE-241160EC8CF1}
		{7B2C0058-F0C0-4826-9C31-0B066BE0813E} = {CED7D2D3-F36E-4A15-88DE-241160EC8CF1}
		{CF572EB2-A373-451D-A447-72E476C1F939} = {CED7D2D3-F36E-4A15-88DE-241160EC8CF1}
		{7288AFB6-4D5E-476C-9781-BEE280B7E565} = {CED7D2D3-F36E-4A15-88DE-241160EC8CF1}
		{0C946C5F-B369-486E-B793-2F9729BC8AA3} = {7B2C0058-F0C0-4826-9C31-0B066BE0813E}
		{AC86E606-8811-4196-977A-0AE35F0505E3} = {7B2C0058-F0C0-4826-9C31-0B066BE0813E}
		{4F911231-C547-4DA4-8787-8C229C98A0B5} = {CF572EB2-A373-451D-A447-72E476C1F939}
		{8F950EAF-ADAA-4917-8D09-A34A8DFB3DF9} = {4605247D-C575-495A-A5CB-1C81D3115CF3}
		{DBF3F769-1C0B-4555-9D92-26A2DB171DAF} = {681D06D5-0C02-435A-872D-8D849B775615}
		{B70986BE-CE61-4D0A-B38D-B44BCEA4DB11} = {DBF3F769-1C0B-4555-9D92-26A2DB171DAF}
		{676EBEDA-A5F0-404D-8A67-868998C09E83} = {DBF3F769-1C0B-4555-9D92-26A2DB171DAF}
		{F77B30B3-54C5-46AA-BCA0-70B521FEC5D3} = {DBF3F769-1C0B-4555-9D92-26A2DB171DAF}
		{3C41E40A-E3F5-471A-881F-98D90F61F1A7} = {DBF3F769-1C0B-4555-9D92-26A2DB171DAF}
		{07FD5C08-0130-42C5-9923-A390791F966B} = {676EBEDA-A5F0-404D-8A67-868998C09E83}
		{2F1D61D0-6FC0-489C-8048-2FE21A7F09CD} = {676EBEDA-A5F0-404D-8A67-868998C09E83}
		{44344CA3-5470-44C4-9C43-C4226D868A47} = {F77B30B3-54C5-46AA-BCA0-70B521FEC5D3}
		{9C710B34-A12A-4FE5-B08E-49B8092FB6CE} = {B70986BE-CE61-4D0A-B38D-B44BCEA4DB11}
		{5F823BE7-0057-48F1-BFB2-BAA15A78EEA8} = {681D06D5-0C02-435A-872D-8D849B775615}
		{9048BA6B-1EF4-4F54-9395-021F75EA4899} = {5F823BE7-0057-48F1-BFB2-BAA15A78EEA8}
		{8ADDDE82-E2A0-4D2B-84B5-A5C1D173335A} = {5F823BE7-0057-48F1-BFB2-BAA15A78EEA8}
		{F258E626-A9EE-4170-960F-E3A4F855C498} = {5F823BE7-0057-48F1-BFB2-BAA15A78EEA8}
		{E63C48DE-E244-41AD-ACD2-6E5DA6F7C209} = {5F823BE7-0057-48F1-BFB2-BAA15A78EEA8}
		{F4A06DBF-BDC9-4F09-B444-B981D115F284} = {8ADDDE82-E2A0-4D2B-84B5-A5C1D173335A}
		{6093576B-BDF9-4DBA-B929-BE1BCCF12AC7} = {8ADDDE82-E2A0-4D2B-84B5-A5C1D173335A}
		{A5A462F6-1654-4C42-8B89-E727319B4286} = {F258E626-A9EE-4170-960F-E3A4F855C498}
		{80434C99-9F2C-4BC2-ABF2-A286BE8701B4} = {9048BA6B-1EF4-4F54-9395-021F75EA4899}
		{3CA45874-7E13-4FAC-8487-2A35B2284F9C} = {681D06D5-0C02-435A-872D-8D849B775615}
		{80824461-2307-43C6-9899-536D2CA09581} = {3CA45874-7E13-4FAC-8487-2A35B2284F9C}
		{8725ED90-C94B-4817-9373-4E716829B1DC} = {3CA45874-7E13-4FAC-8487-2A35B2284F9C}
		{6F2EC386-9B5E-4D9C-84A1-DBB91F339D70} = {3CA45874-7E13-4FAC-8487-2A35B2284F9C}
		{10C92886-F020-4F02-B2CC-1FE0BBA2621D} = {3CA45874-7E13-4FAC-8487-2A35B2284F9C}
		{956E6784-97A8-43E8-BA57-A7754412FD85} = {8725ED90-C94B-4817-9373-4E716829B1DC}
		{11095B50-6DFF-47BC-A022-E504BE97BF74} = {8725ED90-C94B-4817-9373-4E716829B1DC}
		{2E9CCD2A-6B5F-42FC-8244-E527342097B3} = {F082168F-DC48-46A9-91CA-906CAD8736D2}
	EndGlobalSection
	GlobalSection(ExtensibilityGlobals) = postSolution
		SolutionGuid = {1152D39D-FF8E-420A-9CDE-A164B2036B64}
	EndGlobalSection
EndGlobal
